# This file is automatically @generated by Poetry 1.8.3 and should not be changed by hand.

[[package]]
name = "affine"
version = "2.4.0"
description = "Matrices describing affine transformation of the plane"
optional = false
python-versions = ">=3.7"
files = [
    {file = "affine-2.4.0-py3-none-any.whl", hash = "sha256:8a3df80e2b2378aef598a83c1392efd47967afec4242021a0b06b4c7cbc61a92"},
    {file = "affine-2.4.0.tar.gz", hash = "sha256:a24d818d6a836c131976d22f8c27b8d3ca32d0af64c1d8d29deb7bafa4da1eea"},
]

[package.extras]
dev = ["coveralls", "flake8", "pydocstyle"]
test = ["pytest (>=4.6)", "pytest-cov"]

[[package]]
name = "apache-sedona"
version = "1.6.1"
description = "Apache Sedona is a cluster computing system for processing large-scale spatial data"
optional = false
python-versions = ">=3.6"
files = [
    {file = "apache_sedona-1.6.1-cp310-cp310-macosx_10_9_x86_64.whl", hash = "sha256:1d86ee824e0f6df77d3a991726b627af006b25e1f6f90f21cc0b21770b8bf2b0"},
    {file = "apache_sedona-1.6.1-cp310-cp310-macosx_11_0_arm64.whl", hash = "sha256:65ff72403915ee1bcee307c136b1aac116668408fe44d000c9902953d20707f1"},
    {file = "apache_sedona-1.6.1-cp310-cp310-manylinux_2_17_aarch64.manylinux2014_aarch64.whl", hash = "sha256:99de3b548d1cb80dac8692a44e724738f27477de5073bbec8acbf984c4143b48"},
    {file = "apache_sedona-1.6.1-cp310-cp310-manylinux_2_17_x86_64.manylinux2014_x86_64.whl", hash = "sha256:be51ad97b0edad70095e783cbe06de13ab9e2eed98d0654a3f15b13aede3407e"},
    {file = "apache_sedona-1.6.1-cp310-cp310-win_amd64.whl", hash = "sha256:ff2e0a69ca806565e28ae5c2fc502f4b587ffcf8ac1a60ee74618d690421ba09"},
    {file = "apache_sedona-1.6.1-cp310-cp310-win_arm64.whl", hash = "sha256:33b51984ace2ea7948e9ff7b25debd03d89548a1b1747f9b0496b0a2f52605d3"},
    {file = "apache_sedona-1.6.1-cp311-cp311-macosx_10_9_x86_64.whl", hash = "sha256:a10d23081092d4710aab78a718452bdbf71ba84a3b4af40a7d95624b565ed383"},
    {file = "apache_sedona-1.6.1-cp311-cp311-macosx_11_0_arm64.whl", hash = "sha256:81a66a1776f10fee8d8e48a0503bc38975443d063489ed8bfc87145866f5a622"},
    {file = "apache_sedona-1.6.1-cp311-cp311-manylinux_2_17_aarch64.manylinux2014_aarch64.whl", hash = "sha256:4465049cc9e5c81c00ed00b89fe3412d88d0cd9bcf5f094b0319dc70a75ea1d4"},
    {file = "apache_sedona-1.6.1-cp311-cp311-manylinux_2_17_x86_64.manylinux2014_x86_64.whl", hash = "sha256:22c90f7ebb66d2381f1a9ab28c936a66d5a52fc3f8e23c67a0e923f170cc3ac6"},
    {file = "apache_sedona-1.6.1-cp311-cp311-win_amd64.whl", hash = "sha256:90e0efe613f9284271ebedfa4ee1afa0044a926268e086b3ac09142a6cfb8d70"},
    {file = "apache_sedona-1.6.1-cp311-cp311-win_arm64.whl", hash = "sha256:7677261e12a8db4df57f6f9e90bffc649d3c6babd7110892ebf44c0c4661b1b8"},
    {file = "apache_sedona-1.6.1-cp312-cp312-macosx_10_9_x86_64.whl", hash = "sha256:7b92ee8444f3eeeb6d193192d9a9c5bed86a91d85ba56cdb27989a93b6d86e8c"},
    {file = "apache_sedona-1.6.1-cp312-cp312-macosx_11_0_arm64.whl", hash = "sha256:f9faa886c675e59c6c2e8d750396100613e77568f6b72037d23ebd7405a5e544"},
    {file = "apache_sedona-1.6.1-cp312-cp312-manylinux_2_17_aarch64.manylinux2014_aarch64.whl", hash = "sha256:b7855642891da0cfedc41daaedd359b348ac73e4432f2067fbbbc5864aeeedfb"},
    {file = "apache_sedona-1.6.1-cp312-cp312-manylinux_2_17_x86_64.manylinux2014_x86_64.whl", hash = "sha256:8d22d215b07af25faf93e6b1839f0d79e254601009f9f7c4336f4bcc6739244f"},
    {file = "apache_sedona-1.6.1-cp312-cp312-win_amd64.whl", hash = "sha256:dd06c61674a89d801829337ca41dfcf9cf1e46baa9acda72c120001a1a745089"},
    {file = "apache_sedona-1.6.1-cp312-cp312-win_arm64.whl", hash = "sha256:2c68d6e94ba6a02e2b356902c7b8acbc98518de352a1fc162ed5304d3b984a63"},
    {file = "apache_sedona-1.6.1-cp36-cp36m-macosx_10_9_x86_64.whl", hash = "sha256:03f5975c6895843c4d31144d9c8a604b7c13ce939b48a1ae2acf5cacd0cd4919"},
    {file = "apache_sedona-1.6.1-cp36-cp36m-manylinux_2_17_aarch64.manylinux2014_aarch64.whl", hash = "sha256:fb95ac36d1b333d75777fa415a607d97bcb64b18f404b9b48341201fb8553c83"},
    {file = "apache_sedona-1.6.1-cp36-cp36m-manylinux_2_17_x86_64.manylinux2014_x86_64.whl", hash = "sha256:7117e4544515734fa56e58f8719b5b9e0fa1f51037630c4b5367df689c48c4ed"},
    {file = "apache_sedona-1.6.1-cp36-cp36m-win_amd64.whl", hash = "sha256:e4dabcaf232e5a328e23f7d7f53659762331d621330f2d86e389a818b42cdadd"},
    {file = "apache_sedona-1.6.1-cp37-cp37m-macosx_10_9_x86_64.whl", hash = "sha256:8c913aee022096f3d377141957084f5c65a24f222a69d6b55a4949167294f924"},
    {file = "apache_sedona-1.6.1-cp37-cp37m-manylinux_2_17_aarch64.manylinux2014_aarch64.whl", hash = "sha256:0357e4329e0e5b20c51085f86e6d23815f1d069f51483e3ed89b24b894d74b4d"},
    {file = "apache_sedona-1.6.1-cp37-cp37m-manylinux_2_17_x86_64.manylinux2014_x86_64.whl", hash = "sha256:697bec237efb3f6664915108f1b820677e5e8c7e46e2fc52515a54f19c56a552"},
    {file = "apache_sedona-1.6.1-cp37-cp37m-win_amd64.whl", hash = "sha256:0f69d938960682ae652ad5ca1a2d850d3810c3f2e3576327905e8e7c3ff037a2"},
    {file = "apache_sedona-1.6.1-cp38-cp38-macosx_10_9_x86_64.whl", hash = "sha256:6ccc6ee678d578bbb28d94948a8c1ff57fce17e95d15df322aa2a0e9867e6e15"},
    {file = "apache_sedona-1.6.1-cp38-cp38-macosx_11_0_arm64.whl", hash = "sha256:d3a520369abcb419bc5fa3ea6e0e39a7cc0d8398b1c9a808e847e42dc643e21c"},
    {file = "apache_sedona-1.6.1-cp38-cp38-manylinux_2_17_aarch64.manylinux2014_aarch64.whl", hash = "sha256:83f80128da543116fe5f27faff3fca0d3774b3c4cac58370f75af99351d56a39"},
    {file = "apache_sedona-1.6.1-cp38-cp38-manylinux_2_17_x86_64.manylinux2014_x86_64.whl", hash = "sha256:4b9f5973718f6b206b9eb16d418af1673f71c6a3e51d577c9665ff4a60ef8b28"},
    {file = "apache_sedona-1.6.1-cp38-cp38-win_amd64.whl", hash = "sha256:0a469acf1dbabf54704b2be57ac937c07a0625a0c467dd72887cf3f038fdec0a"},
    {file = "apache_sedona-1.6.1-cp39-cp39-macosx_10_9_x86_64.whl", hash = "sha256:5c24c1708edf27efd4ff49a100c0b70bc4cd896d42a6e7030ccf69b43df63cd6"},
    {file = "apache_sedona-1.6.1-cp39-cp39-macosx_11_0_arm64.whl", hash = "sha256:1d3aa5ff3949814a4493883f162c0bcfa0e1bce835c81c897ece1144265e8d88"},
    {file = "apache_sedona-1.6.1-cp39-cp39-manylinux_2_17_aarch64.manylinux2014_aarch64.whl", hash = "sha256:cbc5e010e231a88e5cea1bb31f422b49861ba126e6d9080300289b70433ed17e"},
    {file = "apache_sedona-1.6.1-cp39-cp39-manylinux_2_17_x86_64.manylinux2014_x86_64.whl", hash = "sha256:b6fda3aabb0a6f6a1cfcc5980511407915008d80983b40cf281d5176700346c5"},
    {file = "apache_sedona-1.6.1-cp39-cp39-win_amd64.whl", hash = "sha256:67f38b1571e46538fb71e75aaf3f6a3e31953f032afb5aeccd7c77c20021b217"},
    {file = "apache_sedona-1.6.1-cp39-cp39-win_arm64.whl", hash = "sha256:92ccf78d5d59f2fd119d76996555be60d260d933266edbb90858caf282bb3209"},
    {file = "apache_sedona-1.6.1.tar.gz", hash = "sha256:f4fa857dd477cb513b14c62d4f2aacd2eccc2befa6ab3258f5383aeb0e04d0f0"},
]

[package.dependencies]
attrs = "*"
rasterio = ">=1.2.10"
shapely = ">=1.7.0"

[package.extras]
all = ["geopandas", "keplergl (==0.3.2)", "pydeck (==0.8.0)", "pyspark (>=2.3.0)"]
kepler-map = ["geopandas", "keplergl (==0.3.2)"]
pydeck-map = ["geopandas", "pydeck (==0.8.0)"]
spark = ["pyspark (>=2.3.0)"]

[[package]]
name = "attrs"
version = "24.2.0"
description = "Classes Without Boilerplate"
optional = false
python-versions = ">=3.7"
files = [
    {file = "attrs-24.2.0-py3-none-any.whl", hash = "sha256:81921eb96de3191c8258c199618104dd27ac608d9366f5e35d011eae1867ede2"},
    {file = "attrs-24.2.0.tar.gz", hash = "sha256:5cfb1b9148b5b086569baec03f20d7b6bf3bcacc9a42bebf87ffaaca362f6346"},
]

[package.extras]
benchmark = ["cloudpickle", "hypothesis", "mypy (>=1.11.1)", "pympler", "pytest (>=4.3.0)", "pytest-codspeed", "pytest-mypy-plugins", "pytest-xdist[psutil]"]
cov = ["cloudpickle", "coverage[toml] (>=5.3)", "hypothesis", "mypy (>=1.11.1)", "pympler", "pytest (>=4.3.0)", "pytest-mypy-plugins", "pytest-xdist[psutil]"]
dev = ["cloudpickle", "hypothesis", "mypy (>=1.11.1)", "pre-commit", "pympler", "pytest (>=4.3.0)", "pytest-mypy-plugins", "pytest-xdist[psutil]"]
docs = ["cogapp", "furo", "myst-parser", "sphinx", "sphinx-notfound-page", "sphinxcontrib-towncrier", "towncrier (<24.7)"]
tests = ["cloudpickle", "hypothesis", "mypy (>=1.11.1)", "pympler", "pytest (>=4.3.0)", "pytest-mypy-plugins", "pytest-xdist[psutil]"]
tests-mypy = ["mypy (>=1.11.1)", "pytest-mypy-plugins"]

[[package]]
name = "certifi"
version = "2024.8.30"
description = "Python package for providing Mozilla's CA Bundle."
optional = false
python-versions = ">=3.6"
files = [
    {file = "certifi-2024.8.30-py3-none-any.whl", hash = "sha256:922820b53db7a7257ffbda3f597266d435245903d80737e34f8a45ff3e3230d8"},
    {file = "certifi-2024.8.30.tar.gz", hash = "sha256:bec941d2aa8195e248a60b31ff9f0558284cf01a52591ceda73ea9afffd69fd9"},
]

[[package]]
name = "click"
version = "8.1.7"
description = "Composable command line interface toolkit"
optional = false
python-versions = ">=3.7"
files = [
    {file = "click-8.1.7-py3-none-any.whl", hash = "sha256:ae74fb96c20a0277a1d615f1e4d73c8414f5a98db8b799a7931d1582f3390c28"},
    {file = "click-8.1.7.tar.gz", hash = "sha256:ca9853ad459e787e2192211578cc907e7594e294c7ccc834310722b41b9ca6de"},
]

[package.dependencies]
colorama = {version = "*", markers = "platform_system == \"Windows\""}

[[package]]
name = "click-plugins"
version = "1.1.1"
description = "An extension module for click to enable registering CLI commands via setuptools entry-points."
optional = false
python-versions = "*"
files = [
    {file = "click-plugins-1.1.1.tar.gz", hash = "sha256:46ab999744a9d831159c3411bb0c79346d94a444df9a3a3742e9ed63645f264b"},
    {file = "click_plugins-1.1.1-py2.py3-none-any.whl", hash = "sha256:5d262006d3222f5057fd81e1623d4443e41dcda5dc815c06b442aa3c02889fc8"},
]

[package.dependencies]
click = ">=4.0"

[package.extras]
dev = ["coveralls", "pytest (>=3.6)", "pytest-cov", "wheel"]

[[package]]
name = "cligj"
version = "0.7.2"
description = "Click params for commmand line interfaces to GeoJSON"
optional = false
python-versions = ">=2.7, !=3.0.*, !=3.1.*, !=3.2.*, <4"
files = [
    {file = "cligj-0.7.2-py3-none-any.whl", hash = "sha256:c1ca117dbce1fe20a5809dc96f01e1c2840f6dcc939b3ddbb1111bf330ba82df"},
    {file = "cligj-0.7.2.tar.gz", hash = "sha256:a4bc13d623356b373c2c27c53dbd9c68cae5d526270bfa71f6c6fa69669c6b27"},
]

[package.dependencies]
click = ">=4.0"

[package.extras]
test = ["pytest-cov"]

[[package]]
name = "colorama"
version = "0.4.6"
description = "Cross-platform colored terminal text."
optional = false
python-versions = "!=3.0.*,!=3.1.*,!=3.2.*,!=3.3.*,!=3.4.*,!=3.5.*,!=3.6.*,>=2.7"
files = [
    {file = "colorama-0.4.6-py2.py3-none-any.whl", hash = "sha256:4f1d9991f5acc0ca119f9d443620b77f9d6b33703e51011c16baf57afb285fc6"},
    {file = "colorama-0.4.6.tar.gz", hash = "sha256:08695f5cb7ed6e0531a20572697297273c47b8cae5a63ffc6d6ed5c201be6e44"},
]

[[package]]
name = "exceptiongroup"
version = "1.2.2"
description = "Backport of PEP 654 (exception groups)"
optional = false
python-versions = ">=3.7"
files = [
    {file = "exceptiongroup-1.2.2-py3-none-any.whl", hash = "sha256:3111b9d131c238bec2f8f516e123e14ba243563fb135d3fe885990585aa7795b"},
    {file = "exceptiongroup-1.2.2.tar.gz", hash = "sha256:47c2edf7c6738fafb49fd34290706d1a1a2f4d1c6df275526b62cbb4aa5393cc"},
]

[package.extras]
test = ["pytest (>=6)"]

[[package]]
name = "iniconfig"
version = "2.0.0"
description = "brain-dead simple config-ini parsing"
optional = false
python-versions = ">=3.7"
files = [
    {file = "iniconfig-2.0.0-py3-none-any.whl", hash = "sha256:b6a85871a79d2e3b22d2d1b94ac2824226a63c6b741c88f7ae975f18b6778374"},
    {file = "iniconfig-2.0.0.tar.gz", hash = "sha256:2d91e135bf72d31a410b17c16da610a82cb55f6b0477d1a902134b24a455b8b3"},
]

[[package]]
name = "numpy"
version = "2.1.3"
description = "Fundamental package for array computing in Python"
optional = false
python-versions = ">=3.10"
files = [
    {file = "numpy-2.1.3-cp310-cp310-macosx_10_9_x86_64.whl", hash = "sha256:c894b4305373b9c5576d7a12b473702afdf48ce5369c074ba304cc5ad8730dff"},
    {file = "numpy-2.1.3-cp310-cp310-macosx_11_0_arm64.whl", hash = "sha256:b47fbb433d3260adcd51eb54f92a2ffbc90a4595f8970ee00e064c644ac788f5"},
    {file = "numpy-2.1.3-cp310-cp310-macosx_14_0_arm64.whl", hash = "sha256:825656d0743699c529c5943554d223c021ff0494ff1442152ce887ef4f7561a1"},
    {file = "numpy-2.1.3-cp310-cp310-macosx_14_0_x86_64.whl", hash = "sha256:6a4825252fcc430a182ac4dee5a505053d262c807f8a924603d411f6718b88fd"},
    {file = "numpy-2.1.3-cp310-cp310-manylinux_2_17_aarch64.manylinux2014_aarch64.whl", hash = "sha256:e711e02f49e176a01d0349d82cb5f05ba4db7d5e7e0defd026328e5cfb3226d3"},
    {file = "numpy-2.1.3-cp310-cp310-manylinux_2_17_x86_64.manylinux2014_x86_64.whl", hash = "sha256:78574ac2d1a4a02421f25da9559850d59457bac82f2b8d7a44fe83a64f770098"},
    {file = "numpy-2.1.3-cp310-cp310-musllinux_1_1_x86_64.whl", hash = "sha256:c7662f0e3673fe4e832fe07b65c50342ea27d989f92c80355658c7f888fcc83c"},
    {file = "numpy-2.1.3-cp310-cp310-musllinux_1_2_aarch64.whl", hash = "sha256:fa2d1337dc61c8dc417fbccf20f6d1e139896a30721b7f1e832b2bb6ef4eb6c4"},
    {file = "numpy-2.1.3-cp310-cp310-win32.whl", hash = "sha256:72dcc4a35a8515d83e76b58fdf8113a5c969ccd505c8a946759b24e3182d1f23"},
    {file = "numpy-2.1.3-cp310-cp310-win_amd64.whl", hash = "sha256:ecc76a9ba2911d8d37ac01de72834d8849e55473457558e12995f4cd53e778e0"},
    {file = "numpy-2.1.3-cp311-cp311-macosx_10_9_x86_64.whl", hash = "sha256:4d1167c53b93f1f5d8a139a742b3c6f4d429b54e74e6b57d0eff40045187b15d"},
    {file = "numpy-2.1.3-cp311-cp311-macosx_11_0_arm64.whl", hash = "sha256:c80e4a09b3d95b4e1cac08643f1152fa71a0a821a2d4277334c88d54b2219a41"},
    {file = "numpy-2.1.3-cp311-cp311-macosx_14_0_arm64.whl", hash = "sha256:576a1c1d25e9e02ed7fa5477f30a127fe56debd53b8d2c89d5578f9857d03ca9"},
    {file = "numpy-2.1.3-cp311-cp311-macosx_14_0_x86_64.whl", hash = "sha256:973faafebaae4c0aaa1a1ca1ce02434554d67e628b8d805e61f874b84e136b09"},
    {file = "numpy-2.1.3-cp311-cp311-manylinux_2_17_aarch64.manylinux2014_aarch64.whl", hash = "sha256:762479be47a4863e261a840e8e01608d124ee1361e48b96916f38b119cfda04a"},
    {file = "numpy-2.1.3-cp311-cp311-manylinux_2_17_x86_64.manylinux2014_x86_64.whl", hash = "sha256:bc6f24b3d1ecc1eebfbf5d6051faa49af40b03be1aaa781ebdadcbc090b4539b"},
    {file = "numpy-2.1.3-cp311-cp311-musllinux_1_1_x86_64.whl", hash = "sha256:17ee83a1f4fef3c94d16dc1802b998668b5419362c8a4f4e8a491de1b41cc3ee"},
    {file = "numpy-2.1.3-cp311-cp311-musllinux_1_2_aarch64.whl", hash = "sha256:15cb89f39fa6d0bdfb600ea24b250e5f1a3df23f901f51c8debaa6a5d122b2f0"},
    {file = "numpy-2.1.3-cp311-cp311-win32.whl", hash = "sha256:d9beb777a78c331580705326d2367488d5bc473b49a9bc3036c154832520aca9"},
    {file = "numpy-2.1.3-cp311-cp311-win_amd64.whl", hash = "sha256:d89dd2b6da69c4fff5e39c28a382199ddedc3a5be5390115608345dec660b9e2"},
    {file = "numpy-2.1.3-cp312-cp312-macosx_10_13_x86_64.whl", hash = "sha256:f55ba01150f52b1027829b50d70ef1dafd9821ea82905b63936668403c3b471e"},
    {file = "numpy-2.1.3-cp312-cp312-macosx_11_0_arm64.whl", hash = "sha256:13138eadd4f4da03074851a698ffa7e405f41a0845a6b1ad135b81596e4e9958"},
    {file = "numpy-2.1.3-cp312-cp312-macosx_14_0_arm64.whl", hash = "sha256:a6b46587b14b888e95e4a24d7b13ae91fa22386c199ee7b418f449032b2fa3b8"},
    {file = "numpy-2.1.3-cp312-cp312-macosx_14_0_x86_64.whl", hash = "sha256:0fa14563cc46422e99daef53d725d0c326e99e468a9320a240affffe87852564"},
    {file = "numpy-2.1.3-cp312-cp312-manylinux_2_17_aarch64.manylinux2014_aarch64.whl", hash = "sha256:8637dcd2caa676e475503d1f8fdb327bc495554e10838019651b76d17b98e512"},
    {file = "numpy-2.1.3-cp312-cp312-manylinux_2_17_x86_64.manylinux2014_x86_64.whl", hash = "sha256:2312b2aa89e1f43ecea6da6ea9a810d06aae08321609d8dc0d0eda6d946a541b"},
    {file = "numpy-2.1.3-cp312-cp312-musllinux_1_1_x86_64.whl", hash = "sha256:a38c19106902bb19351b83802531fea19dee18e5b37b36454f27f11ff956f7fc"},
    {file = "numpy-2.1.3-cp312-cp312-musllinux_1_2_aarch64.whl", hash = "sha256:02135ade8b8a84011cbb67dc44e07c58f28575cf9ecf8ab304e51c05528c19f0"},
    {file = "numpy-2.1.3-cp312-cp312-win32.whl", hash = "sha256:e6988e90fcf617da2b5c78902fe8e668361b43b4fe26dbf2d7b0f8034d4cafb9"},
    {file = "numpy-2.1.3-cp312-cp312-win_amd64.whl", hash = "sha256:0d30c543f02e84e92c4b1f415b7c6b5326cbe45ee7882b6b77db7195fb971e3a"},
    {file = "numpy-2.1.3-cp313-cp313-macosx_10_13_x86_64.whl", hash = "sha256:96fe52fcdb9345b7cd82ecd34547fca4321f7656d500eca497eb7ea5a926692f"},
    {file = "numpy-2.1.3-cp313-cp313-macosx_11_0_arm64.whl", hash = "sha256:f653490b33e9c3a4c1c01d41bc2aef08f9475af51146e4a7710c450cf9761598"},
    {file = "numpy-2.1.3-cp313-cp313-macosx_14_0_arm64.whl", hash = "sha256:dc258a761a16daa791081d026f0ed4399b582712e6fc887a95af09df10c5ca57"},
    {file = "numpy-2.1.3-cp313-cp313-macosx_14_0_x86_64.whl", hash = "sha256:016d0f6f5e77b0f0d45d77387ffa4bb89816b57c835580c3ce8e099ef830befe"},
    {file = "numpy-2.1.3-cp313-cp313-manylinux_2_17_aarch64.manylinux2014_aarch64.whl", hash = "sha256:c181ba05ce8299c7aa3125c27b9c2167bca4a4445b7ce73d5febc411ca692e43"},
    {file = "numpy-2.1.3-cp313-cp313-manylinux_2_17_x86_64.manylinux2014_x86_64.whl", hash = "sha256:5641516794ca9e5f8a4d17bb45446998c6554704d888f86df9b200e66bdcce56"},
    {file = "numpy-2.1.3-cp313-cp313-musllinux_1_1_x86_64.whl", hash = "sha256:ea4dedd6e394a9c180b33c2c872b92f7ce0f8e7ad93e9585312b0c5a04777a4a"},
    {file = "numpy-2.1.3-cp313-cp313-musllinux_1_2_aarch64.whl", hash = "sha256:b0df3635b9c8ef48bd3be5f862cf71b0a4716fa0e702155c45067c6b711ddcef"},
    {file = "numpy-2.1.3-cp313-cp313-win32.whl", hash = "sha256:50ca6aba6e163363f132b5c101ba078b8cbd3fa92c7865fd7d4d62d9779ac29f"},
    {file = "numpy-2.1.3-cp313-cp313-win_amd64.whl", hash = "sha256:747641635d3d44bcb380d950679462fae44f54b131be347d5ec2bce47d3df9ed"},
    {file = "numpy-2.1.3-cp313-cp313t-macosx_10_13_x86_64.whl", hash = "sha256:996bb9399059c5b82f76b53ff8bb686069c05acc94656bb259b1d63d04a9506f"},
    {file = "numpy-2.1.3-cp313-cp313t-macosx_11_0_arm64.whl", hash = "sha256:45966d859916ad02b779706bb43b954281db43e185015df6eb3323120188f9e4"},
    {file = "numpy-2.1.3-cp313-cp313t-macosx_14_0_arm64.whl", hash = "sha256:baed7e8d7481bfe0874b566850cb0b85243e982388b7b23348c6db2ee2b2ae8e"},
    {file = "numpy-2.1.3-cp313-cp313t-macosx_14_0_x86_64.whl", hash = "sha256:a9f7f672a3388133335589cfca93ed468509cb7b93ba3105fce780d04a6576a0"},
    {file = "numpy-2.1.3-cp313-cp313t-manylinux_2_17_aarch64.manylinux2014_aarch64.whl", hash = "sha256:d7aac50327da5d208db2eec22eb11e491e3fe13d22653dce51b0f4109101b408"},
    {file = "numpy-2.1.3-cp313-cp313t-manylinux_2_17_x86_64.manylinux2014_x86_64.whl", hash = "sha256:4394bc0dbd074b7f9b52024832d16e019decebf86caf909d94f6b3f77a8ee3b6"},
    {file = "numpy-2.1.3-cp313-cp313t-musllinux_1_1_x86_64.whl", hash = "sha256:50d18c4358a0a8a53f12a8ba9d772ab2d460321e6a93d6064fc22443d189853f"},
    {file = "numpy-2.1.3-cp313-cp313t-musllinux_1_2_aarch64.whl", hash = "sha256:14e253bd43fc6b37af4921b10f6add6925878a42a0c5fe83daee390bca80bc17"},
    {file = "numpy-2.1.3-cp313-cp313t-win32.whl", hash = "sha256:08788d27a5fd867a663f6fc753fd7c3ad7e92747efc73c53bca2f19f8bc06f48"},
    {file = "numpy-2.1.3-cp313-cp313t-win_amd64.whl", hash = "sha256:2564fbdf2b99b3f815f2107c1bbc93e2de8ee655a69c261363a1172a79a257d4"},
    {file = "numpy-2.1.3-pp310-pypy310_pp73-macosx_10_15_x86_64.whl", hash = "sha256:4f2015dfe437dfebbfce7c85c7b53d81ba49e71ba7eadbf1df40c915af75979f"},
    {file = "numpy-2.1.3-pp310-pypy310_pp73-macosx_14_0_x86_64.whl", hash = "sha256:3522b0dfe983a575e6a9ab3a4a4dfe156c3e428468ff08ce582b9bb6bd1d71d4"},
    {file = "numpy-2.1.3-pp310-pypy310_pp73-manylinux_2_17_x86_64.manylinux2014_x86_64.whl", hash = "sha256:c006b607a865b07cd981ccb218a04fc86b600411d83d6fc261357f1c0966755d"},
    {file = "numpy-2.1.3-pp310-pypy310_pp73-win_amd64.whl", hash = "sha256:e14e26956e6f1696070788252dcdff11b4aca4c3e8bd166e0df1bb8f315a67cb"},
    {file = "numpy-2.1.3.tar.gz", hash = "sha256:aa08e04e08aaf974d4458def539dece0d28146d866a39da5639596f4921fd761"},
]

[[package]]
name = "packaging"
version = "24.1"
description = "Core utilities for Python packages"
optional = false
python-versions = ">=3.8"
files = [
    {file = "packaging-24.1-py3-none-any.whl", hash = "sha256:5b8f2217dbdbd2f7f384c41c628544e6d52f2d0f53c6d0c3ea61aa5d1d7ff124"},
    {file = "packaging-24.1.tar.gz", hash = "sha256:026ed72c8ed3fcce5bf8950572258698927fd1dbda10a5e981cdf0ac37f4f002"},
]

[[package]]
name = "pluggy"
version = "1.5.0"
description = "plugin and hook calling mechanisms for python"
optional = false
python-versions = ">=3.8"
files = [
    {file = "pluggy-1.5.0-py3-none-any.whl", hash = "sha256:44e1ad92c8ca002de6377e165f3e0f1be63266ab4d554740532335b9d75ea669"},
    {file = "pluggy-1.5.0.tar.gz", hash = "sha256:2cffa88e94fdc978c4c574f15f9e59b7f4201d439195c3715ca9e2486f1d0cf1"},
]

[package.extras]
dev = ["pre-commit", "tox"]
testing = ["pytest", "pytest-benchmark"]

[[package]]
name = "py4j"
version = "0.10.9.5"
description = "Enables Python programs to dynamically access arbitrary Java objects"
optional = false
python-versions = "*"
files = [
    {file = "py4j-0.10.9.5-py2.py3-none-any.whl", hash = "sha256:52d171a6a2b031d8a5d1de6efe451cf4f5baff1a2819aabc3741c8406539ba04"},
    {file = "py4j-0.10.9.5.tar.gz", hash = "sha256:276a4a3c5a2154df1860ef3303a927460e02e97b047dc0a47c1c3fb8cce34db6"},
]

[[package]]
name = "py4j"
version = "0.10.9.7"
description = "Enables Python programs to dynamically access arbitrary Java objects"
optional = false
python-versions = "*"
files = [
    {file = "py4j-0.10.9.7-py2.py3-none-any.whl", hash = "sha256:85defdfd2b2376eb3abf5ca6474b51ab7e0de341c75a02f46dc9b5976f5a5c1b"},
    {file = "py4j-0.10.9.7.tar.gz", hash = "sha256:0b6e5315bb3ada5cf62ac651d107bb2ebc02def3dee9d9548e3baac644ea8dbb"},
]

[[package]]
name = "pyparsing"
version = "3.2.0"
description = "pyparsing module - Classes and methods to define and execute parsing grammars"
optional = false
python-versions = ">=3.9"
files = [
    {file = "pyparsing-3.2.0-py3-none-any.whl", hash = "sha256:93d9577b88da0bbea8cc8334ee8b918ed014968fd2ec383e868fb8afb1ccef84"},
    {file = "pyparsing-3.2.0.tar.gz", hash = "sha256:cbf74e27246d595d9a74b186b810f6fbb86726dbf3b9532efb343f6d7294fe9c"},
]

[package.extras]
diagrams = ["jinja2", "railroad-diagrams"]

[[package]]
name = "pyproj"
version = "3.7.0"
description = "Python interface to PROJ (cartographic projections and coordinate transformations library)"
optional = false
python-versions = ">=3.10"
files = [
    {file = "pyproj-3.7.0-cp310-cp310-macosx_12_0_x86_64.whl", hash = "sha256:d5c7e7d24b967e328a5efd013f466804a1f226d1106ac7efc47dcc99360dbc8f"},
    {file = "pyproj-3.7.0-cp310-cp310-macosx_14_0_arm64.whl", hash = "sha256:448958c46bd3fe2da91c89ba551ac5835e63073ca861422c6eb1af89979dfab1"},
    {file = "pyproj-3.7.0-cp310-cp310-manylinux_2_17_aarch64.manylinux2014_aarch64.whl", hash = "sha256:f673ca345bb92afc93d4235938ca0c9a76237aa7addf42a95965c8dc8cad9b49"},
    {file = "pyproj-3.7.0-cp310-cp310-manylinux_2_17_x86_64.manylinux2014_x86_64.whl", hash = "sha256:ee60895f60cbd1a9c903ab2bc22adea63004296a1c28b8775a11cf50905cf085"},
    {file = "pyproj-3.7.0-cp310-cp310-win32.whl", hash = "sha256:0dd31b0740ee010934234f848d2d092c66146cb8d0ba009a64e41d192caa7686"},
    {file = "pyproj-3.7.0-cp310-cp310-win_amd64.whl", hash = "sha256:7943d85ba39e89c51b920339ff63162d63bf89da161f0acb6206b0d39b11661e"},
    {file = "pyproj-3.7.0-cp311-cp311-macosx_12_0_x86_64.whl", hash = "sha256:e66d8d42dbdf232e121546c5a1dec097caf0454e4885c09a8e03cdcee0753c03"},
    {file = "pyproj-3.7.0-cp311-cp311-macosx_14_0_arm64.whl", hash = "sha256:7764b64a0aefe40134a2828b3a40be88f6c8b7832c45d8a9f2bd592ace4b2a3b"},
    {file = "pyproj-3.7.0-cp311-cp311-manylinux_2_17_aarch64.manylinux2014_aarch64.whl", hash = "sha256:53c442c5081dc95346996f5c4323fde2caafc69c6e60b4707aa46e88244f1e04"},
    {file = "pyproj-3.7.0-cp311-cp311-manylinux_2_17_x86_64.manylinux2014_x86_64.whl", hash = "sha256:bc5b305d4d5d7697885681d9b660623e328227612823d5c660e0a9566cb48838"},
    {file = "pyproj-3.7.0-cp311-cp311-win32.whl", hash = "sha256:de2b47d748dc41cccb6b3b713d4d7dc9aa1046a82141c8665026908726426abc"},
    {file = "pyproj-3.7.0-cp311-cp311-win_amd64.whl", hash = "sha256:38cba7c4c5679e40242dd959133e95b908d3b912dd66291094fd13510e8517ff"},
    {file = "pyproj-3.7.0-cp312-cp312-macosx_12_0_x86_64.whl", hash = "sha256:8cbec92bdd6e9933ca08795c12717d1384e9b51cf4b1acf0d753db255a75c51e"},
    {file = "pyproj-3.7.0-cp312-cp312-macosx_14_0_arm64.whl", hash = "sha256:8c4a8e4d3ba76c3adac3c087544cf92f7f9a19ea34946904a13fca48cc1c0106"},
    {file = "pyproj-3.7.0-cp312-cp312-manylinux_2_17_aarch64.manylinux2014_aarch64.whl", hash = "sha256:82624fb42aa31f6b1a860fbc0316babd07fd712642bc31022df4e9b4056bf463"},
    {file = "pyproj-3.7.0-cp312-cp312-manylinux_2_17_x86_64.manylinux2014_x86_64.whl", hash = "sha256:34e1bbb3f89c68d4a6835c40b2da8b27680eec60e8cc7cdb08c09bcc725b2b62"},
    {file = "pyproj-3.7.0-cp312-cp312-win32.whl", hash = "sha256:952515d5592167ad4436b355485f82acebed2a49b46722159e4584b75a763dd3"},
    {file = "pyproj-3.7.0-cp312-cp312-win_amd64.whl", hash = "sha256:0692f806224e8ed82fe4acfa57268ff444fdaf9f330689f24c0d96e59480cce1"},
    {file = "pyproj-3.7.0-cp313-cp313-macosx_12_0_x86_64.whl", hash = "sha256:94e8b903a9e83448fd2379c49dec3e8cd83c9ed36f54354e68b601cef56d5426"},
    {file = "pyproj-3.7.0-cp313-cp313-macosx_14_0_arm64.whl", hash = "sha256:64cb5c17d6f6305a8b978a40f95560c87c5b363fcac40632337955664437875a"},
    {file = "pyproj-3.7.0-cp313-cp313-manylinux_2_17_aarch64.manylinux2014_aarch64.whl", hash = "sha256:2c54e9bdda7ab9c4a5af50f9d6e6ee7704e05fafd504896b96ed1208c7aea098"},
    {file = "pyproj-3.7.0-cp313-cp313-manylinux_2_17_x86_64.manylinux2014_x86_64.whl", hash = "sha256:24fa4e9e0abba875f9524808410cc520067eaf38fd5549ed0ef7c43ac39923c9"},
    {file = "pyproj-3.7.0-cp313-cp313-win32.whl", hash = "sha256:b9e8353fc3c79dc14d1f5ac758a1a6e4eee04102c3c0b138670f121f5ac52eb4"},
    {file = "pyproj-3.7.0-cp313-cp313-win_amd64.whl", hash = "sha256:10a8dc6ec61af97c89ff032647d743f8dc023645773da42ef43f7ae1125b3509"},
    {file = "pyproj-3.7.0.tar.gz", hash = "sha256:bf658f4aaf815d9d03c8121650b6f0b8067265c36e31bc6660b98ef144d81813"},
]

[package.dependencies]
certifi = "*"

[[package]]
name = "pyspark"
version = "3.3.0"
description = "Apache Spark Python API"
optional = false
python-versions = ">=3.7"
files = [
    {file = "pyspark-3.3.0.tar.gz", hash = "sha256:7ebe8e9505647b4d124d5a82fca60dfd3891021cf8ad6c5ec88777eeece92cf7"},
]

[package.dependencies]
py4j = "0.10.9.5"

[package.extras]
ml = ["numpy (>=1.15)"]
mllib = ["numpy (>=1.15)"]
pandas-on-spark = ["numpy (>=1.15)", "pandas (>=1.0.5)", "pyarrow (>=1.0.0)"]
sql = ["pandas (>=1.0.5)", "pyarrow (>=1.0.0)"]

[[package]]
name = "pyspark"
version = "3.5.0"
description = "Apache Spark Python API"
optional = false
python-versions = ">=3.8"
files = [
    {file = "pyspark-3.5.0.tar.gz", hash = "sha256:d41a9b76bd2aca370a6100d075c029e22ba44c5940927877e9435a3a9c566558"},
]

[package.dependencies]
py4j = "0.10.9.7"

[package.extras]
connect = ["googleapis-common-protos (>=1.56.4)", "grpcio (>=1.56.0)", "grpcio-status (>=1.56.0)", "numpy (>=1.15)", "pandas (>=1.0.5)", "pyarrow (>=4.0.0)"]
ml = ["numpy (>=1.15)"]
mllib = ["numpy (>=1.15)"]
pandas-on-spark = ["numpy (>=1.15)", "pandas (>=1.0.5)", "pyarrow (>=4.0.0)"]
sql = ["numpy (>=1.15)", "pandas (>=1.0.5)", "pyarrow (>=4.0.0)"]

[[package]]
name = "pytest"
version = "8.3.3"
description = "pytest: simple powerful testing with Python"
optional = false
python-versions = ">=3.8"
files = [
    {file = "pytest-8.3.3-py3-none-any.whl", hash = "sha256:a6853c7375b2663155079443d2e45de913a911a11d669df02a50814944db57b2"},
    {file = "pytest-8.3.3.tar.gz", hash = "sha256:70b98107bd648308a7952b06e6ca9a50bc660be218d53c257cc1fc94fda10181"},
]

[package.dependencies]
colorama = {version = "*", markers = "sys_platform == \"win32\""}
exceptiongroup = {version = ">=1.0.0rc8", markers = "python_version < \"3.11\""}
iniconfig = "*"
packaging = "*"
pluggy = ">=1.5,<2"
tomli = {version = ">=1", markers = "python_version < \"3.11\""}

[package.extras]
dev = ["argcomplete", "attrs (>=19.2)", "hypothesis (>=3.56)", "mock", "pygments (>=2.7.2)", "requests", "setuptools", "xmlschema"]

[[package]]
name = "rasterio"
version = "1.4.2"
description = "Fast and direct raster I/O for use with Numpy and SciPy"
optional = false
python-versions = ">=3.9"
files = [
    {file = "rasterio-1.4.2-cp310-cp310-macosx_10_15_x86_64.whl", hash = "sha256:8cf84f566c12ab1d3b42466038ef79edb3d37037a421293db93a30d046e13c43"},
    {file = "rasterio-1.4.2-cp310-cp310-macosx_14_0_arm64.whl", hash = "sha256:7fabae0d84ff5455f588d5283d1a007769e63a679ab095e739abefc780332517"},
    {file = "rasterio-1.4.2-cp310-cp310-manylinux_2_17_x86_64.manylinux2014_x86_64.whl", hash = "sha256:90303c1ec8f9c89b1c3c4036c8595e84b4afa21e3ad6d87b4a46bd81f4bbbd3a"},
    {file = "rasterio-1.4.2-cp310-cp310-win_amd64.whl", hash = "sha256:e38f2869f6379dc7f0d46af2e879f14ad194ccf0b634c121b630693fee23cdbe"},
    {file = "rasterio-1.4.2-cp311-cp311-macosx_10_15_x86_64.whl", hash = "sha256:019e6fbfea250fea91987a38abc7a02c752b50beadb3178d82a5d47e8e265313"},
    {file = "rasterio-1.4.2-cp311-cp311-macosx_14_0_arm64.whl", hash = "sha256:a9830e0c9d09d2680079b8a31085cc2a2b885b1ed6c4d95d2a91e2813efc22aa"},
    {file = "rasterio-1.4.2-cp311-cp311-manylinux_2_17_x86_64.manylinux2014_x86_64.whl", hash = "sha256:ea3f38da794e7a4df409f2c57799a26a777a2560025ad401fe33a0b8efe90a5a"},
    {file = "rasterio-1.4.2-cp311-cp311-win_amd64.whl", hash = "sha256:0c74d6a2e64fae6c2293bf520fa4048e12598379736953c34ca3dfb058cedfc5"},
    {file = "rasterio-1.4.2-cp312-cp312-macosx_10_15_x86_64.whl", hash = "sha256:84ce104a3017c04bfb809f268faaef4287458916f7af4f25a39b93f420fa8ef4"},
    {file = "rasterio-1.4.2-cp312-cp312-macosx_14_0_arm64.whl", hash = "sha256:856c740e621211a19f0efddc2f0a61cc3d37c89c50699ea6cb249da3930d601b"},
    {file = "rasterio-1.4.2-cp312-cp312-manylinux_2_17_x86_64.manylinux2014_x86_64.whl", hash = "sha256:43a21306c8dc265f50d3cb8a13a58d50e055477ace1003bb8a507658a4124c37"},
    {file = "rasterio-1.4.2-cp312-cp312-win_amd64.whl", hash = "sha256:83bf03b39dc7e1d932907d1b05d99a53b7fc184c215a27b938f4697db7295f53"},
    {file = "rasterio-1.4.2-cp313-cp313-macosx_10_15_x86_64.whl", hash = "sha256:e405e92ab03f5606a959d4a7d9ae1589e2212f9720c2db55853bfa8c91f6d736"},
    {file = "rasterio-1.4.2-cp313-cp313-macosx_14_0_arm64.whl", hash = "sha256:7dbf3d084e1f72f322d378eb2b9e155fbe0ead97f0a1b0065a389e9435a5a3db"},
    {file = "rasterio-1.4.2-cp313-cp313-manylinux_2_17_x86_64.manylinux2014_x86_64.whl", hash = "sha256:c6f2952e1b4ad01f0dcf97f477050d8122ca781abbb3ef8b5a5751835a222317"},
    {file = "rasterio-1.4.2-cp313-cp313-win_amd64.whl", hash = "sha256:25ec2a35548c1c45ea1dd5341e777e5aeea8f79310bbae6aaed4d5f6a4c53f26"},
    {file = "rasterio-1.4.2-cp39-cp39-macosx_10_15_x86_64.whl", hash = "sha256:56811e3fee89a74ccd18f11849f9dbf0c98eb652671b16c90c29bd06b122c4c6"},
    {file = "rasterio-1.4.2-cp39-cp39-macosx_14_0_arm64.whl", hash = "sha256:11fdfc2a8b610eb2f6e3d47c396455d4d65c290d69b53e0a986cd58feac3af7b"},
    {file = "rasterio-1.4.2-cp39-cp39-manylinux_2_17_x86_64.manylinux2014_x86_64.whl", hash = "sha256:beec16eb4d951f111235d46f66319922bbc5744e7b8e50303725b46819b458b9"},
    {file = "rasterio-1.4.2-cp39-cp39-win_amd64.whl", hash = "sha256:5b27965b50466a1d297ea41b4b8fbe19178b05ab3dd78f35fb64ccdc0e502819"},
    {file = "rasterio-1.4.2.tar.gz", hash = "sha256:1be35ccb4d998a4c48fa51bbee9e37927ecd9b9e954a2b2581b8f3e9bb165332"},
]

[package.dependencies]
affine = "*"
attrs = "*"
certifi = "*"
click = ">=4.0"
click-plugins = "*"
cligj = ">=0.5"
numpy = ">=1.24"
pyparsing = "*"

[package.extras]
all = ["boto3 (>=1.2.4)", "fsspec", "ghp-import", "hypothesis", "ipython (>=2.0)", "matplotlib", "numpydoc", "packaging", "pytest (>=2.8.2)", "pytest-cov (>=2.2.0)", "shapely", "sphinx", "sphinx-click", "sphinx-rtd-theme"]
docs = ["ghp-import", "numpydoc", "sphinx", "sphinx-click", "sphinx-rtd-theme"]
ipython = ["ipython (>=2.0)"]
plot = ["matplotlib"]
s3 = ["boto3 (>=1.2.4)"]
test = ["boto3 (>=1.2.4)", "fsspec", "hypothesis", "packaging", "pytest (>=2.8.2)", "pytest-cov (>=2.2.0)", "shapely"]

[[package]]
name = "shapely"
version = "2.0.6"
description = "Manipulation and analysis of geometric objects"
optional = false
python-versions = ">=3.7"
files = [
    {file = "shapely-2.0.6-cp310-cp310-macosx_10_9_x86_64.whl", hash = "sha256:29a34e068da2d321e926b5073539fd2a1d4429a2c656bd63f0bd4c8f5b236d0b"},
    {file = "shapely-2.0.6-cp310-cp310-macosx_11_0_arm64.whl", hash = "sha256:e1c84c3f53144febf6af909d6b581bc05e8785d57e27f35ebaa5c1ab9baba13b"},
    {file = "shapely-2.0.6-cp310-cp310-manylinux_2_17_aarch64.manylinux2014_aarch64.whl", hash = "sha256:2ad2fae12dca8d2b727fa12b007e46fbc522148a584f5d6546c539f3464dccde"},
    {file = "shapely-2.0.6-cp310-cp310-manylinux_2_17_x86_64.manylinux2014_x86_64.whl", hash = "sha256:b3304883bd82d44be1b27a9d17f1167fda8c7f5a02a897958d86c59ec69b705e"},
    {file = "shapely-2.0.6-cp310-cp310-win32.whl", hash = "sha256:3ec3a0eab496b5e04633a39fa3d5eb5454628228201fb24903d38174ee34565e"},
    {file = "shapely-2.0.6-cp310-cp310-win_amd64.whl", hash = "sha256:28f87cdf5308a514763a5c38de295544cb27429cfa655d50ed8431a4796090c4"},
    {file = "shapely-2.0.6-cp311-cp311-macosx_10_9_x86_64.whl", hash = "sha256:5aeb0f51a9db176da9a30cb2f4329b6fbd1e26d359012bb0ac3d3c7781667a9e"},
    {file = "shapely-2.0.6-cp311-cp311-macosx_11_0_arm64.whl", hash = "sha256:9a7a78b0d51257a367ee115f4d41ca4d46edbd0dd280f697a8092dd3989867b2"},
    {file = "shapely-2.0.6-cp311-cp311-manylinux_2_17_aarch64.manylinux2014_aarch64.whl", hash = "sha256:f32c23d2f43d54029f986479f7c1f6e09c6b3a19353a3833c2ffb226fb63a855"},
    {file = "shapely-2.0.6-cp311-cp311-manylinux_2_17_x86_64.manylinux2014_x86_64.whl", hash = "sha256:b3dc9fb0eb56498912025f5eb352b5126f04801ed0e8bdbd867d21bdbfd7cbd0"},
    {file = "shapely-2.0.6-cp311-cp311-win32.whl", hash = "sha256:d93b7e0e71c9f095e09454bf18dad5ea716fb6ced5df3cb044564a00723f339d"},
    {file = "shapely-2.0.6-cp311-cp311-win_amd64.whl", hash = "sha256:c02eb6bf4cfb9fe6568502e85bb2647921ee49171bcd2d4116c7b3109724ef9b"},
    {file = "shapely-2.0.6-cp312-cp312-macosx_10_9_x86_64.whl", hash = "sha256:cec9193519940e9d1b86a3b4f5af9eb6910197d24af02f247afbfb47bcb3fab0"},
    {file = "shapely-2.0.6-cp312-cp312-macosx_11_0_arm64.whl", hash = "sha256:83b94a44ab04a90e88be69e7ddcc6f332da7c0a0ebb1156e1c4f568bbec983c3"},
    {file = "shapely-2.0.6-cp312-cp312-manylinux_2_17_aarch64.manylinux2014_aarch64.whl", hash = "sha256:537c4b2716d22c92036d00b34aac9d3775e3691f80c7aa517c2c290351f42cd8"},
    {file = "shapely-2.0.6-cp312-cp312-manylinux_2_17_x86_64.manylinux2014_x86_64.whl", hash = "sha256:98fea108334be345c283ce74bf064fa00cfdd718048a8af7343c59eb40f59726"},
    {file = "shapely-2.0.6-cp312-cp312-win32.whl", hash = "sha256:42fd4cd4834747e4990227e4cbafb02242c0cffe9ce7ef9971f53ac52d80d55f"},
    {file = "shapely-2.0.6-cp312-cp312-win_amd64.whl", hash = "sha256:665990c84aece05efb68a21b3523a6b2057e84a1afbef426ad287f0796ef8a48"},
    {file = "shapely-2.0.6-cp313-cp313-macosx_10_13_x86_64.whl", hash = "sha256:42805ef90783ce689a4dde2b6b2f261e2c52609226a0438d882e3ced40bb3013"},
    {file = "shapely-2.0.6-cp313-cp313-macosx_11_0_arm64.whl", hash = "sha256:6d2cb146191a47bd0cee8ff5f90b47547b82b6345c0d02dd8b25b88b68af62d7"},
    {file = "shapely-2.0.6-cp313-cp313-manylinux_2_17_aarch64.manylinux2014_aarch64.whl", hash = "sha256:e3fdef0a1794a8fe70dc1f514440aa34426cc0ae98d9a1027fb299d45741c381"},
    {file = "shapely-2.0.6-cp313-cp313-manylinux_2_17_x86_64.manylinux2014_x86_64.whl", hash = "sha256:2c665a0301c645615a107ff7f52adafa2153beab51daf34587170d85e8ba6805"},
    {file = "shapely-2.0.6-cp313-cp313-win32.whl", hash = "sha256:0334bd51828f68cd54b87d80b3e7cee93f249d82ae55a0faf3ea21c9be7b323a"},
    {file = "shapely-2.0.6-cp313-cp313-win_amd64.whl", hash = "sha256:d37d070da9e0e0f0a530a621e17c0b8c3c9d04105655132a87cfff8bd77cc4c2"},
    {file = "shapely-2.0.6-cp37-cp37m-macosx_10_9_x86_64.whl", hash = "sha256:fa7468e4f5b92049c0f36d63c3e309f85f2775752e076378e36c6387245c5462"},
    {file = "shapely-2.0.6-cp37-cp37m-manylinux_2_17_aarch64.manylinux2014_aarch64.whl", hash = "sha256:ed5867e598a9e8ac3291da6cc9baa62ca25706eea186117034e8ec0ea4355653"},
    {file = "shapely-2.0.6-cp37-cp37m-manylinux_2_17_x86_64.manylinux2014_x86_64.whl", hash = "sha256:81d9dfe155f371f78c8d895a7b7f323bb241fb148d848a2bf2244f79213123fe"},
    {file = "shapely-2.0.6-cp37-cp37m-win32.whl", hash = "sha256:fbb7bf02a7542dba55129062570211cfb0defa05386409b3e306c39612e7fbcc"},
    {file = "shapely-2.0.6-cp37-cp37m-win_amd64.whl", hash = "sha256:837d395fac58aa01aa544495b97940995211e3e25f9aaf87bc3ba5b3a8cd1ac7"},
    {file = "shapely-2.0.6-cp38-cp38-macosx_10_9_x86_64.whl", hash = "sha256:c6d88ade96bf02f6bfd667ddd3626913098e243e419a0325ebef2bbd481d1eb6"},
    {file = "shapely-2.0.6-cp38-cp38-macosx_11_0_arm64.whl", hash = "sha256:8b3b818c4407eaa0b4cb376fd2305e20ff6df757bf1356651589eadc14aab41b"},
    {file = "shapely-2.0.6-cp38-cp38-manylinux_2_17_aarch64.manylinux2014_aarch64.whl", hash = "sha256:1bbc783529a21f2bd50c79cef90761f72d41c45622b3e57acf78d984c50a5d13"},
    {file = "shapely-2.0.6-cp38-cp38-manylinux_2_17_x86_64.manylinux2014_x86_64.whl", hash = "sha256:2423f6c0903ebe5df6d32e0066b3d94029aab18425ad4b07bf98c3972a6e25a1"},
    {file = "shapely-2.0.6-cp38-cp38-win32.whl", hash = "sha256:2de00c3bfa80d6750832bde1d9487e302a6dd21d90cb2f210515cefdb616e5f5"},
    {file = "shapely-2.0.6-cp38-cp38-win_amd64.whl", hash = "sha256:3a82d58a1134d5e975f19268710e53bddd9c473743356c90d97ce04b73e101ee"},
    {file = "shapely-2.0.6-cp39-cp39-macosx_10_9_x86_64.whl", hash = "sha256:392f66f458a0a2c706254f473290418236e52aa4c9b476a072539d63a2460595"},
    {file = "shapely-2.0.6-cp39-cp39-macosx_11_0_arm64.whl", hash = "sha256:eba5bae271d523c938274c61658ebc34de6c4b33fdf43ef7e938b5776388c1be"},
    {file = "shapely-2.0.6-cp39-cp39-manylinux_2_17_aarch64.manylinux2014_aarch64.whl", hash = "sha256:7060566bc4888b0c8ed14b5d57df8a0ead5c28f9b69fb6bed4476df31c51b0af"},
    {file = "shapely-2.0.6-cp39-cp39-manylinux_2_17_x86_64.manylinux2014_x86_64.whl", hash = "sha256:b02154b3e9d076a29a8513dffcb80f047a5ea63c897c0cd3d3679f29363cf7e5"},
    {file = "shapely-2.0.6-cp39-cp39-win32.whl", hash = "sha256:44246d30124a4f1a638a7d5419149959532b99dfa25b54393512e6acc9c211ac"},
    {file = "shapely-2.0.6-cp39-cp39-win_amd64.whl", hash = "sha256:2b542d7f1dbb89192d3512c52b679c822ba916f93479fa5d4fc2fe4fa0b3c9e8"},
    {file = "shapely-2.0.6.tar.gz", hash = "sha256:997f6159b1484059ec239cacaa53467fd8b5564dabe186cd84ac2944663b0bf6"},
]

[package.dependencies]
numpy = ">=1.14,<3"

[package.extras]
docs = ["matplotlib", "numpydoc (==1.1.*)", "sphinx", "sphinx-book-theme", "sphinx-remove-toctrees"]
test = ["pytest", "pytest-cov"]

[[package]]
name = "tomli"
version = "2.0.2"
description = "A lil' TOML parser"
optional = false
python-versions = ">=3.8"
files = [
    {file = "tomli-2.0.2-py3-none-any.whl", hash = "sha256:2ebe24485c53d303f690b0ec092806a085f07af5a5aa1464f3931eec36caaa38"},
    {file = "tomli-2.0.2.tar.gz", hash = "sha256:d46d457a85337051c36524bc5349dd91b1877838e2979ac5ced3e710ed8a60ed"},
]

[metadata]
lock-version = "2.0"
python-versions = "^3.10"
content-hash = "aea84ff6da4f82524210c5996f1d7b5e7316901d719d67d6dc0db889716fa4a8"
